
Microsoft Visual Studio Solution File, Format Version 12.00
# Visual Studio Version 16
VisualStudioVersion = 16.0.31911.196
MinimumVisualStudioVersion = 10.0.40219.1
Project("{FAE04EC0-301F-11D3-BF4B-00C04F79EFBC}") = "GraphDemo", "GraphDemo.csproj", "{1324212A-6601-46F4-818C-AF3D5439AB0D}"
EndProject
Global
	GlobalSection(SolutionConfigurationPlatforms) = preSolution
		Debug|Any CPU = Debug|Any CPU
		Release|Any CPU = Release|Any CPU
	EndGlobalSection
	GlobalSection(ProjectConfigurationPlatforms) = postSolution
		{1324212A-6601-46F4-818C-AF3D5439AB0D}.Debug|Any CPU.ActiveCfg = Debug|Any CPU
		{1324212A-6601-46F4-818C-AF3D5439AB0D}.Debug|Any CPU.Build.0 = Debug|Any CPU
		{1324212A-6601-46F4-818C-AF3D5439AB0D}.Release|Any CPU.ActiveCfg = Release|Any CPU
		{1324212A-6601-46F4-818C-AF3D5439AB0D}.Release|Any CPU.Build.0 = Release|Any CPU
	EndGlobalSection
	GlobalSection(SolutionProperties) = preSolution
		HideSolutionNode = FALSE
	EndGlobalSection
	GlobalSection(ExtensibilityGlobals) = postSolution
		SolutionGuid = {4BBD89F6-3772-4B91-B984-E6E4C7DE8FBA}
	EndGlobalSection
EndGlobal
